
Microsoft Visual Studio Solution File, Format Version 12.00
# Visual Studio 2017
Project("{FAE04EC0-301F-11D3-BF4B-00C04F79EFBC}") = "Roll The Ball", "Roll The Ball.csproj", "{EDA23686-A87E-7181-8182-C0321D04C24B}"
EndProject
Global
	GlobalSection(SolutionConfigurationPlatforms) = preSolution
		Debug|Any CPU = Debug|Any CPU
		Release|Any CPU = Release|Any CPU
	EndGlobalSection
	GlobalSection(ProjectConfigurationPlatforms) = postSolution
		{EDA23686-A87E-7181-8182-C0321D04C24B}.Debug|Any CPU.ActiveCfg = Debug|Any CPU
		{EDA23686-A87E-7181-8182-C0321D04C24B}.Debug|Any CPU.Build.0 = Debug|Any CPU
		{EDA23686-A87E-7181-8182-C0321D04C24B}.Release|Any CPU.ActiveCfg = Release|Any CPU
		{EDA23686-A87E-7181-8182-C0321D04C24B}.Release|Any CPU.Build.0 = Release|Any CPU
	EndGlobalSection
	GlobalSection(SolutionProperties) = preSolution
		HideSolutionNode = FALSE
	EndGlobalSection
EndGlobal
